
Microsoft Visual Studio Solution File, Format Version 12.00
# Visual Studio Version 17
VisualStudioVersion = 17.8.34525.116
MinimumVisualStudioVersion = 10.0.40219.1
Project("{FAE04EC0-301F-11D3-BF4B-00C04F79EFBC}") = "CompTrack", "CompTrack\CompTrack.csproj", "{4C9B735B-00E9-4DAD-9022-0E2A155950D2}"
EndProject
Global
	GlobalSection(SolutionConfigurationPlatforms) = preSolution
		Debug|Any CPU = Debug|Any CPU
		Release|Any CPU = Release|Any CPU
	EndGlobalSection
	GlobalSection(ProjectConfigurationPlatforms) = postSolution
		{4C9B735B-00E9-4DAD-9022-0E2A155950D2}.Debug|Any CPU.ActiveCfg = Debug|Any CPU
		{4C9B735B-00E9-4DAD-9022-0E2A155950D2}.Debug|Any CPU.Build.0 = Debug|Any CPU
		{4C9B735B-00E9-4DAD-9022-0E2A155950D2}.Release|Any CPU.ActiveCfg = Release|Any CPU
		{4C9B735B-00E9-4DAD-9022-0E2A155950D2}.Release|Any CPU.Build.0 = Release|Any CPU
	EndGlobalSection
	GlobalSection(SolutionProperties) = preSolution
		HideSolutionNode = FALSE
	EndGlobalSection
	GlobalSection(ExtensibilityGlobals) = postSolution
		SolutionGuid = {BA9293BF-E984-4665-945A-1A1D4474FE83}
	EndGlobalSection
EndGlobal
